// !$*UTF8*$!
{
	archiveVersion = 1;
	classes = {
	};
	objectVersion = 56;
	objects = {

/* Begin PBXBuildFile section */
		0A02590D2CBEBB07009C22C2 /* RegistrationModels.swift in Sources */ = {isa = PBXBuildFile; fileRef = 0A02590C2CBEBB07009C22C2 /* RegistrationModels.swift */; };
		0A02590F2CBEC9CF009C22C2 /* RegistrationInteractor.swift in Sources */ = {isa = PBXBuildFile; fileRef = 0A02590E2CBEC9CF009C22C2 /* RegistrationInteractor.swift */; };
		0A0259112CBECB2D009C22C2 /* RegistrationPresenter.swift in Sources */ = {isa = PBXBuildFile; fileRef = 0A0259102CBECB2D009C22C2 /* RegistrationPresenter.swift */; };
		0A0259132CBED0B2009C22C2 /* RegistrationRouter.swift in Sources */ = {isa = PBXBuildFile; fileRef = 0A0259122CBED0B2009C22C2 /* RegistrationRouter.swift */; };
		0A0F82A92C8D8DAB00E518CA /* HomePageViewController.swift in Sources */ = {isa = PBXBuildFile; fileRef = 0A0F82A82C8D8DAB00E518CA /* HomePageViewController.swift */; };
		0A0F82B02C90882100E518CA /* HomePageViewCell.swift in Sources */ = {isa = PBXBuildFile; fileRef = 0A0F82AF2C90882100E518CA /* HomePageViewCell.swift */; };
		0A0F82B72C934E7F00E518CA /* TransactionInfoModel.swift in Sources */ = {isa = PBXBuildFile; fileRef = 0A0F82B62C934E7F00E518CA /* TransactionInfoModel.swift */; };
		0A0F82BA2C937B2A00E518CA /* ContactListViewController.swift in Sources */ = {isa = PBXBuildFile; fileRef = 0A0F82B92C937B2A00E518CA /* ContactListViewController.swift */; };
		0A0F82BC2C9B44B700E518CA /* ContactListViewCell.swift in Sources */ = {isa = PBXBuildFile; fileRef = 0A0F82BB2C9B44B700E518CA /* ContactListViewCell.swift */; };
		0A0F82BE2C9B46CB00E518CA /* PersonModel.swift in Sources */ = {isa = PBXBuildFile; fileRef = 0A0F82BD2C9B46CB00E518CA /* PersonModel.swift */; };
		0AB6070D2C749BCE001916AE /* AppDelegate.swift in Sources */ = {isa = PBXBuildFile; fileRef = 0AB6070C2C749BCE001916AE /* AppDelegate.swift */; };
		0AB6070F2C749BCE001916AE /* SceneDelegate.swift in Sources */ = {isa = PBXBuildFile; fileRef = 0AB6070E2C749BCE001916AE /* SceneDelegate.swift */; };
		0AB607112C749BCE001916AE /* WelcomeScreenViewController.swift in Sources */ = {isa = PBXBuildFile; fileRef = 0AB607102C749BCE001916AE /* WelcomeScreenViewController.swift */; };
		0AB607162C749BD2001916AE /* Assets.xcassets in Resources */ = {isa = PBXBuildFile; fileRef = 0AB607152C749BD2001916AE /* Assets.xcassets */; };
		0AB607192C749BD2001916AE /* LaunchScreen.storyboard in Resources */ = {isa = PBXBuildFile; fileRef = 0AB607172C749BD2001916AE /* LaunchScreen.storyboard */; };
		0AB607242C749BD3001916AE /* SendMoneyAppTests.swift in Sources */ = {isa = PBXBuildFile; fileRef = 0AB607232C749BD3001916AE /* SendMoneyAppTests.swift */; };
		0AB6072E2C749BD3001916AE /* SendMoneyAppUITests.swift in Sources */ = {isa = PBXBuildFile; fileRef = 0AB6072D2C749BD3001916AE /* SendMoneyAppUITests.swift */; };
		0AB607302C749BD3001916AE /* SendMoneyAppUITestsLaunchTests.swift in Sources */ = {isa = PBXBuildFile; fileRef = 0AB6072F2C749BD3001916AE /* SendMoneyAppUITestsLaunchTests.swift */; };
		0AB6073D2C87554B001916AE /* RegistrationViewController.swift in Sources */ = {isa = PBXBuildFile; fileRef = 0AB6073C2C87554B001916AE /* RegistrationViewController.swift */; };
		0ACE33A32CA33BDD009524C9 /* GeneratePerson.swift in Sources */ = {isa = PBXBuildFile; fileRef = 0ACE33A22CA33BDD009524C9 /* GeneratePerson.swift */; };
		0ACE33AA2CB2DF8E009524C9 /* WelcomeScreenInteractor.swift in Sources */ = {isa = PBXBuildFile; fileRef = 0ACE33A92CB2DF8E009524C9 /* WelcomeScreenInteractor.swift */; };
		0ACE33AC2CB2E00F009524C9 /* WelcomeScreenPresenter.swift in Sources */ = {isa = PBXBuildFile; fileRef = 0ACE33AB2CB2E00F009524C9 /* WelcomeScreenPresenter.swift */; };
		0ACE33AF2CB2E043009524C9 /* WelcomeScreenRouter.swift in Sources */ = {isa = PBXBuildFile; fileRef = 0ACE33AE2CB2E043009524C9 /* WelcomeScreenRouter.swift */; };
		0AE9E5742CA2C6190083B615 /* PersonalPageViewController.swift in Sources */ = {isa = PBXBuildFile; fileRef = 0AE9E5732CA2C6190083B615 /* PersonalPageViewController.swift */; };
/* End PBXBuildFile section */

/* Begin PBXContainerItemProxy section */
		0AB607202C749BD3001916AE /* PBXContainerItemProxy */ = {
			isa = PBXContainerItemProxy;
			containerPortal = 0AB607012C749BCE001916AE /* Project object */;
			proxyType = 1;
			remoteGlobalIDString = 0AB607082C749BCE001916AE;
			remoteInfo = SendMoneyApp;
		};
		0AB6072A2C749BD3001916AE /* PBXContainerItemProxy */ = {
			isa = PBXContainerItemProxy;
			containerPortal = 0AB607012C749BCE001916AE /* Project object */;
			proxyType = 1;
			remoteGlobalIDString = 0AB607082C749BCE001916AE;
			remoteInfo = SendMoneyApp;
		};
/* End PBXContainerItemProxy section */

/* Begin PBXFileReference section */
		0A02590C2CBEBB07009C22C2 /* RegistrationModels.swift */ = {isa = PBXFileReference; lastKnownFileType = sourcecode.swift; path = RegistrationModels.swift; sourceTree = "<group>"; };
		0A02590E2CBEC9CF009C22C2 /* RegistrationInteractor.swift */ = {isa = PBXFileReference; lastKnownFileType = sourcecode.swift; path = RegistrationInteractor.swift; sourceTree = "<group>"; };
		0A0259102CBECB2D009C22C2 /* RegistrationPresenter.swift */ = {isa = PBXFileReference; lastKnownFileType = sourcecode.swift; path = RegistrationPresenter.swift; sourceTree = "<group>"; };
		0A0259122CBED0B2009C22C2 /* RegistrationRouter.swift */ = {isa = PBXFileReference; lastKnownFileType = sourcecode.swift; path = RegistrationRouter.swift; sourceTree = "<group>"; };
		0A0259152CD0F0AA009C22C2 /* README.md */ = {isa = PBXFileReference; lastKnownFileType = net.daringfireball.markdown; path = README.md; sourceTree = "<group>"; };
		0A0F82A82C8D8DAB00E518CA /* HomePageViewController.swift */ = {isa = PBXFileReference; lastKnownFileType = sourcecode.swift; path = HomePageViewController.swift; sourceTree = "<group>"; };
		0A0F82AF2C90882100E518CA /* HomePageViewCell.swift */ = {isa = PBXFileReference; lastKnownFileType = sourcecode.swift; path = HomePageViewCell.swift; sourceTree = "<group>"; };
		0A0F82B62C934E7F00E518CA /* TransactionInfoModel.swift */ = {isa = PBXFileReference; lastKnownFileType = sourcecode.swift; path = TransactionInfoModel.swift; sourceTree = "<group>"; };
		0A0F82B92C937B2A00E518CA /* ContactListViewController.swift */ = {isa = PBXFileReference; lastKnownFileType = sourcecode.swift; path = ContactListViewController.swift; sourceTree = "<group>"; };
		0A0F82BB2C9B44B700E518CA /* ContactListViewCell.swift */ = {isa = PBXFileReference; lastKnownFileType = sourcecode.swift; path = ContactListViewCell.swift; sourceTree = "<group>"; };
		0A0F82BD2C9B46CB00E518CA /* PersonModel.swift */ = {isa = PBXFileReference; lastKnownFileType = sourcecode.swift; path = PersonModel.swift; sourceTree = "<group>"; };
		0AB607092C749BCE001916AE /* SendMoneyApp.app */ = {isa = PBXFileReference; explicitFileType = wrapper.application; includeInIndex = 0; path = SendMoneyApp.app; sourceTree = BUILT_PRODUCTS_DIR; };
		0AB6070C2C749BCE001916AE /* AppDelegate.swift */ = {isa = PBXFileReference; lastKnownFileType = sourcecode.swift; path = AppDelegate.swift; sourceTree = "<group>"; };
		0AB6070E2C749BCE001916AE /* SceneDelegate.swift */ = {isa = PBXFileReference; lastKnownFileType = sourcecode.swift; path = SceneDelegate.swift; sourceTree = "<group>"; };
		0AB607102C749BCE001916AE /* WelcomeScreenViewController.swift */ = {isa = PBXFileReference; lastKnownFileType = sourcecode.swift; path = WelcomeScreenViewController.swift; sourceTree = "<group>"; };
		0AB607152C749BD2001916AE /* Assets.xcassets */ = {isa = PBXFileReference; lastKnownFileType = folder.assetcatalog; path = Assets.xcassets; sourceTree = "<group>"; };
		0AB607182C749BD2001916AE /* Base */ = {isa = PBXFileReference; lastKnownFileType = file.storyboard; name = Base; path = Base.lproj/LaunchScreen.storyboard; sourceTree = "<group>"; };
		0AB6071A2C749BD2001916AE /* Info.plist */ = {isa = PBXFileReference; lastKnownFileType = text.plist.xml; path = Info.plist; sourceTree = "<group>"; };
		0AB6071F2C749BD3001916AE /* SendMoneyAppTests.xctest */ = {isa = PBXFileReference; explicitFileType = wrapper.cfbundle; includeInIndex = 0; path = SendMoneyAppTests.xctest; sourceTree = BUILT_PRODUCTS_DIR; };
		0AB607232C749BD3001916AE /* SendMoneyAppTests.swift */ = {isa = PBXFileReference; lastKnownFileType = sourcecode.swift; path = SendMoneyAppTests.swift; sourceTree = "<group>"; };
		0AB607292C749BD3001916AE /* SendMoneyAppUITests.xctest */ = {isa = PBXFileReference; explicitFileType = wrapper.cfbundle; includeInIndex = 0; path = SendMoneyAppUITests.xctest; sourceTree = BUILT_PRODUCTS_DIR; };
		0AB6072D2C749BD3001916AE /* SendMoneyAppUITests.swift */ = {isa = PBXFileReference; lastKnownFileType = sourcecode.swift; path = SendMoneyAppUITests.swift; sourceTree = "<group>"; };
		0AB6072F2C749BD3001916AE /* SendMoneyAppUITestsLaunchTests.swift */ = {isa = PBXFileReference; lastKnownFileType = sourcecode.swift; path = SendMoneyAppUITestsLaunchTests.swift; sourceTree = "<group>"; };
		0AB6073C2C87554B001916AE /* RegistrationViewController.swift */ = {isa = PBXFileReference; lastKnownFileType = sourcecode.swift; path = RegistrationViewController.swift; sourceTree = "<group>"; };
		0ACE33A22CA33BDD009524C9 /* GeneratePerson.swift */ = {isa = PBXFileReference; lastKnownFileType = sourcecode.swift; path = GeneratePerson.swift; sourceTree = "<group>"; };
		0ACE33A92CB2DF8E009524C9 /* WelcomeScreenInteractor.swift */ = {isa = PBXFileReference; lastKnownFileType = sourcecode.swift; path = WelcomeScreenInteractor.swift; sourceTree = "<group>"; };
		0ACE33AB2CB2E00F009524C9 /* WelcomeScreenPresenter.swift */ = {isa = PBXFileReference; lastKnownFileType = sourcecode.swift; path = WelcomeScreenPresenter.swift; sourceTree = "<group>"; };
		0ACE33AE2CB2E043009524C9 /* WelcomeScreenRouter.swift */ = {isa = PBXFileReference; lastKnownFileType = sourcecode.swift; path = WelcomeScreenRouter.swift; sourceTree = "<group>"; };
		0AE9E5732CA2C6190083B615 /* PersonalPageViewController.swift */ = {isa = PBXFileReference; lastKnownFileType = sourcecode.swift; path = PersonalPageViewController.swift; sourceTree = "<group>"; };
/* End PBXFileReference section */

/* Begin PBXFrameworksBuildPhase section */
		0AB607062C749BCE001916AE /* Frameworks */ = {
			isa = PBXFrameworksBuildPhase;
			buildActionMask = 2147483647;
			files = (
			);
			runOnlyForDeploymentPostprocessing = 0;
		};
		0AB6071C2C749BD3001916AE /* Frameworks */ = {
			isa = PBXFrameworksBuildPhase;
			buildActionMask = 2147483647;
			files = (
			);
			runOnlyForDeploymentPostprocessing = 0;
		};
		0AB607262C749BD3001916AE /* Frameworks */ = {
			isa = PBXFrameworksBuildPhase;
			buildActionMask = 2147483647;
			files = (
			);
			runOnlyForDeploymentPostprocessing = 0;
		};
/* End PBXFrameworksBuildPhase section */

/* Begin PBXGroup section */
		0A0F82AE2C9087CB00E518CA /* Cells */ = {
			isa = PBXGroup;
			children = (
				0A0F82AF2C90882100E518CA /* HomePageViewCell.swift */,
				0A0F82BB2C9B44B700E518CA /* ContactListViewCell.swift */,
			);
			path = Cells;
			sourceTree = "<group>";
		};
		0A0F82B82C93797000E518CA /* Models */ = {
			isa = PBXGroup;
			children = (
				0ACE33A22CA33BDD009524C9 /* GeneratePerson.swift */,
				0A0F82B62C934E7F00E518CA /* TransactionInfoModel.swift */,
				0A0F82BD2C9B46CB00E518CA /* PersonModel.swift */,
			);
			path = Models;
			sourceTree = "<group>";
		};
		0AB607002C749BCE001916AE = {
			isa = PBXGroup;
			children = (
				0AB6070B2C749BCE001916AE /* SendMoneyApp */,
				0AB607222C749BD3001916AE /* SendMoneyAppTests */,
				0AB6072C2C749BD3001916AE /* SendMoneyAppUITests */,
				0AB6070A2C749BCE001916AE /* Products */,
			);
			sourceTree = "<group>";
		};
		0AB6070A2C749BCE001916AE /* Products */ = {
			isa = PBXGroup;
			children = (
				0AB607092C749BCE001916AE /* SendMoneyApp.app */,
				0AB6071F2C749BD3001916AE /* SendMoneyAppTests.xctest */,
				0AB607292C749BD3001916AE /* SendMoneyAppUITests.xctest */,
			);
			name = Products;
			sourceTree = "<group>";
		};
		0AB6070B2C749BCE001916AE /* SendMoneyApp */ = {
			isa = PBXGroup;
			children = (
				0ACE33A42CB2BF1E009524C9 /* WelcomeScreen */,
				0ACE33A52CB2BF43009524C9 /* RegistrationScreen */,
				0ACE33A62CB2BF71009524C9 /* HomePageScreen */,
				0ACE33A72CB2BF9B009524C9 /* ContactListScreen */,
				0ACE33A82CB2C161009524C9 /* PersonalPageScreen */,
				0A0F82AE2C9087CB00E518CA /* Cells */,
				0A0F82B82C93797000E518CA /* Models */,
				0AB6071A2C749BD2001916AE /* Info.plist */,
				0AB6073E2C875597001916AE /* Support Files */,
			);
			path = SendMoneyApp;
			sourceTree = "<group>";
		};
		0AB607222C749BD3001916AE /* SendMoneyAppTests */ = {
			isa = PBXGroup;
			children = (
				0AB607232C749BD3001916AE /* SendMoneyAppTests.swift */,
			);
			path = SendMoneyAppTests;
			sourceTree = "<group>";
		};
		0AB6072C2C749BD3001916AE /* SendMoneyAppUITests */ = {
			isa = PBXGroup;
			children = (
				0AB6072D2C749BD3001916AE /* SendMoneyAppUITests.swift */,
				0AB6072F2C749BD3001916AE /* SendMoneyAppUITestsLaunchTests.swift */,
			);
			path = SendMoneyAppUITests;
			sourceTree = "<group>";
		};
		0AB6073E2C875597001916AE /* Support Files */ = {
			isa = PBXGroup;
			children = (
				0AB6070C2C749BCE001916AE /* AppDelegate.swift */,
				0AB6070E2C749BCE001916AE /* SceneDelegate.swift */,
				0A0259152CD0F0AA009C22C2 /* README.md */,
				0AB607152C749BD2001916AE /* Assets.xcassets */,
				0AB607172C749BD2001916AE /* LaunchScreen.storyboard */,
			);
			path = "Support Files";
			sourceTree = "<group>";
		};
		0ACE33A42CB2BF1E009524C9 /* WelcomeScreen */ = {
			isa = PBXGroup;
			children = (
				0ACE33A92CB2DF8E009524C9 /* WelcomeScreenInteractor.swift */,
				0ACE33AB2CB2E00F009524C9 /* WelcomeScreenPresenter.swift */,
				0ACE33AE2CB2E043009524C9 /* WelcomeScreenRouter.swift */,
				0AB607102C749BCE001916AE /* WelcomeScreenViewController.swift */,
			);
			path = WelcomeScreen;
			sourceTree = "<group>";
		};
		0ACE33A52CB2BF43009524C9 /* RegistrationScreen */ = {
			isa = PBXGroup;
			children = (
				0A02590C2CBEBB07009C22C2 /* RegistrationModels.swift */,
				0A02590E2CBEC9CF009C22C2 /* RegistrationInteractor.swift */,
				0A0259102CBECB2D009C22C2 /* RegistrationPresenter.swift */,
				0A0259122CBED0B2009C22C2 /* RegistrationRouter.swift */,
				0AB6073C2C87554B001916AE /* RegistrationViewController.swift */,
			);
			path = RegistrationScreen;
			sourceTree = "<group>";
		};
		0ACE33A62CB2BF71009524C9 /* HomePageScreen */ = {
			isa = PBXGroup;
			children = (
				0A0F82A82C8D8DAB00E518CA /* HomePageViewController.swift */,
			);
			path = HomePageScreen;
			sourceTree = "<group>";
		};
		0ACE33A72CB2BF9B009524C9 /* ContactListScreen */ = {
			isa = PBXGroup;
			children = (
				0A0F82B92C937B2A00E518CA /* ContactListViewController.swift */,
			);
			path = ContactListScreen;
			sourceTree = "<group>";
		};
		0ACE33A82CB2C161009524C9 /* PersonalPageScreen */ = {
			isa = PBXGroup;
			children = (
				0AE9E5732CA2C6190083B615 /* PersonalPageViewController.swift */,
			);
			path = PersonalPageScreen;
			sourceTree = "<group>";
		};
/* End PBXGroup section */

/* Begin PBXNativeTarget section */
		0AB607082C749BCE001916AE /* SendMoneyApp */ = {
			isa = PBXNativeTarget;
			buildConfigurationList = 0AB607332C749BD3001916AE /* Build configuration list for PBXNativeTarget "SendMoneyApp" */;
			buildPhases = (
				0AB607052C749BCE001916AE /* Sources */,
				0AB607062C749BCE001916AE /* Frameworks */,
				0AB607072C749BCE001916AE /* Resources */,
			);
			buildRules = (
			);
			dependencies = (
			);
			name = SendMoneyApp;
			productName = SendMoneyApp;
			productReference = 0AB607092C749BCE001916AE /* SendMoneyApp.app */;
			productType = "com.apple.product-type.application";
		};
		0AB6071E2C749BD3001916AE /* SendMoneyAppTests */ = {
			isa = PBXNativeTarget;
			buildConfigurationList = 0AB607362C749BD3001916AE /* Build configuration list for PBXNativeTarget "SendMoneyAppTests" */;
			buildPhases = (
				0AB6071B2C749BD3001916AE /* Sources */,
				0AB6071C2C749BD3001916AE /* Frameworks */,
				0AB6071D2C749BD3001916AE /* Resources */,
			);
			buildRules = (
			);
			dependencies = (
				0AB607212C749BD3001916AE /* PBXTargetDependency */,
			);
			name = SendMoneyAppTests;
			productName = SendMoneyAppTests;
			productReference = 0AB6071F2C749BD3001916AE /* SendMoneyAppTests.xctest */;
			productType = "com.apple.product-type.bundle.unit-test";
		};
		0AB607282C749BD3001916AE /* SendMoneyAppUITests */ = {
			isa = PBXNativeTarget;
			buildConfigurationList = 0AB607392C749BD3001916AE /* Build configuration list for PBXNativeTarget "SendMoneyAppUITests" */;
			buildPhases = (
				0AB607252C749BD3001916AE /* Sources */,
				0AB607262C749BD3001916AE /* Frameworks */,
				0AB607272C749BD3001916AE /* Resources */,
			);
			buildRules = (
			);
			dependencies = (
				0AB6072B2C749BD3001916AE /* PBXTargetDependency */,
			);
			name = SendMoneyAppUITests;
			productName = SendMoneyAppUITests;
			productReference = 0AB607292C749BD3001916AE /* SendMoneyAppUITests.xctest */;
			productType = "com.apple.product-type.bundle.ui-testing";
		};
/* End PBXNativeTarget section */

/* Begin PBXProject section */
		0AB607012C749BCE001916AE /* Project object */ = {
			isa = PBXProject;
			attributes = {
				BuildIndependentTargetsInParallel = 1;
				LastSwiftUpdateCheck = 1520;
				LastUpgradeCheck = 1520;
				TargetAttributes = {
					0AB607082C749BCE001916AE = {
						CreatedOnToolsVersion = 15.2;
					};
					0AB6071E2C749BD3001916AE = {
						CreatedOnToolsVersion = 15.2;
						TestTargetID = 0AB607082C749BCE001916AE;
					};
					0AB607282C749BD3001916AE = {
						CreatedOnToolsVersion = 15.2;
						TestTargetID = 0AB607082C749BCE001916AE;
					};
				};
			};
			buildConfigurationList = 0AB607042C749BCE001916AE /* Build configuration list for PBXProject "SendMoneyApp" */;
			compatibilityVersion = "Xcode 14.0";
			developmentRegion = en;
			hasScannedForEncodings = 0;
			knownRegions = (
				en,
				Base,
			);
			mainGroup = 0AB607002C749BCE001916AE;
			productRefGroup = 0AB6070A2C749BCE001916AE /* Products */;
			projectDirPath = "";
			projectRoot = "";
			targets = (
				0AB607082C749BCE001916AE /* SendMoneyApp */,
				0AB6071E2C749BD3001916AE /* SendMoneyAppTests */,
				0AB607282C749BD3001916AE /* SendMoneyAppUITests */,
			);
		};
/* End PBXProject section */

/* Begin PBXResourcesBuildPhase section */
		0AB607072C749BCE001916AE /* Resources */ = {
			isa = PBXResourcesBuildPhase;
			buildActionMask = 2147483647;
			files = (
				0AB607192C749BD2001916AE /* LaunchScreen.storyboard in Resources */,
				0AB607162C749BD2001916AE /* Assets.xcassets in Resources */,
			);
			runOnlyForDeploymentPostprocessing = 0;
		};
		0AB6071D2C749BD3001916AE /* Resources */ = {
			isa = PBXResourcesBuildPhase;
			buildActionMask = 2147483647;
			files = (
			);
			runOnlyForDeploymentPostprocessing = 0;
		};
		0AB607272C749BD3001916AE /* Resources */ = {
			isa = PBXResourcesBuildPhase;
			buildActionMask = 2147483647;
			files = (
			);
			runOnlyForDeploymentPostprocessing = 0;
		};
/* End PBXResourcesBuildPhase section */

/* Begin PBXSourcesBuildPhase section */
		0AB607052C749BCE001916AE /* Sources */ = {
			isa = PBXSourcesBuildPhase;
			buildActionMask = 2147483647;
			files = (
				0A0F82B02C90882100E518CA /* HomePageViewCell.swift in Sources */,
				0A0259112CBECB2D009C22C2 /* RegistrationPresenter.swift in Sources */,
				0ACE33AC2CB2E00F009524C9 /* WelcomeScreenPresenter.swift in Sources */,
				0A02590D2CBEBB07009C22C2 /* RegistrationModels.swift in Sources */,
				0A0F82BA2C937B2A00E518CA /* ContactListViewController.swift in Sources */,
				0A0F82BC2C9B44B700E518CA /* ContactListViewCell.swift in Sources */,
				0A0F82BE2C9B46CB00E518CA /* PersonModel.swift in Sources */,
				0AB607112C749BCE001916AE /* WelcomeScreenViewController.swift in Sources */,
				0A02590F2CBEC9CF009C22C2 /* RegistrationInteractor.swift in Sources */,
				0ACE33A32CA33BDD009524C9 /* GeneratePerson.swift in Sources */,
				0A0259132CBED0B2009C22C2 /* RegistrationRouter.swift in Sources */,
				0ACE33AF2CB2E043009524C9 /* WelcomeScreenRouter.swift in Sources */,
				0ACE33AA2CB2DF8E009524C9 /* WelcomeScreenInteractor.swift in Sources */,
				0AE9E5742CA2C6190083B615 /* PersonalPageViewController.swift in Sources */,
				0AB6070D2C749BCE001916AE /* AppDelegate.swift in Sources */,
				0AB6073D2C87554B001916AE /* RegistrationViewController.swift in Sources */,
				0A0F82A92C8D8DAB00E518CA /* HomePageViewController.swift in Sources */,
				0A0F82B72C934E7F00E518CA /* TransactionInfoModel.swift in Sources */,
				0AB6070F2C749BCE001916AE /* SceneDelegate.swift in Sources */,
			);
			runOnlyForDeploymentPostprocessing = 0;
		};
		0AB6071B2C749BD3001916AE /* Sources */ = {
			isa = PBXSourcesBuildPhase;
			buildActionMask = 2147483647;
			files = (
				0AB607242C749BD3001916AE /* SendMoneyAppTests.swift in Sources */,
			);
			runOnlyForDeploymentPostprocessing = 0;
		};
		0AB607252C749BD3001916AE /* Sources */ = {
			isa = PBXSourcesBuildPhase;
			buildActionMask = 2147483647;
			files = (
				0AB6072E2C749BD3001916AE /* SendMoneyAppUITests.swift in Sources */,
				0AB607302C749BD3001916AE /* SendMoneyAppUITestsLaunchTests.swift in Sources */,
			);
			runOnlyForDeploymentPostprocessing = 0;
		};
/* End PBXSourcesBuildPhase section */

/* Begin PBXTargetDependency section */
		0AB607212C749BD3001916AE /* PBXTargetDependency */ = {
			isa = PBXTargetDependency;
			target = 0AB607082C749BCE001916AE /* SendMoneyApp */;
			targetProxy = 0AB607202C749BD3001916AE /* PBXContainerItemProxy */;
		};
		0AB6072B2C749BD3001916AE /* PBXTargetDependency */ = {
			isa = PBXTargetDependency;
			target = 0AB607082C749BCE001916AE /* SendMoneyApp */;
			targetProxy = 0AB6072A2C749BD3001916AE /* PBXContainerItemProxy */;
		};
/* End PBXTargetDependency section */

/* Begin PBXVariantGroup section */
		0AB607172C749BD2001916AE /* LaunchScreen.storyboard */ = {
			isa = PBXVariantGroup;
			children = (
				0AB607182C749BD2001916AE /* Base */,
			);
			name = LaunchScreen.storyboard;
			sourceTree = "<group>";
		};
/* End PBXVariantGroup section */

/* Begin XCBuildConfiguration section */
		0AB607312C749BD3001916AE /* Debug */ = {
			isa = XCBuildConfiguration;
			buildSettings = {
				ALWAYS_SEARCH_USER_PATHS = NO;
				ASSETCATALOG_COMPILER_GENERATE_SWIFT_ASSET_SYMBOL_EXTENSIONS = YES;
				CLANG_ANALYZER_NONNULL = YES;
				CLANG_ANALYZER_NUMBER_OBJECT_CONVERSION = YES_AGGRESSIVE;
				CLANG_CXX_LANGUAGE_STANDARD = "gnu++20";
				CLANG_ENABLE_MODULES = YES;
				CLANG_ENABLE_OBJC_ARC = YES;
				CLANG_ENABLE_OBJC_WEAK = YES;
				CLANG_WARN_BLOCK_CAPTURE_AUTORELEASING = YES;
				CLANG_WARN_BOOL_CONVERSION = YES;
				CLANG_WARN_COMMA = YES;
				CLANG_WARN_CONSTANT_CONVERSION = YES;
				CLANG_WARN_DEPRECATED_OBJC_IMPLEMENTATIONS = YES;
				CLANG_WARN_DIRECT_OBJC_ISA_USAGE = YES_ERROR;
				CLANG_WARN_DOCUMENTATION_COMMENTS = YES;
				CLANG_WARN_EMPTY_BODY = YES;
				CLANG_WARN_ENUM_CONVERSION = YES;
				CLANG_WARN_INFINITE_RECURSION = YES;
				CLANG_WARN_INT_CONVERSION = YES;
				CLANG_WARN_NON_LITERAL_NULL_CONVERSION = YES;
				CLANG_WARN_OBJC_IMPLICIT_RETAIN_SELF = YES;
				CLANG_WARN_OBJC_LITERAL_CONVERSION = YES;
				CLANG_WARN_OBJC_ROOT_CLASS = YES_ERROR;
				CLANG_WARN_QUOTED_INCLUDE_IN_FRAMEWORK_HEADER = YES;
				CLANG_WARN_RANGE_LOOP_ANALYSIS = YES;
				CLANG_WARN_STRICT_PROTOTYPES = YES;
				CLANG_WARN_SUSPICIOUS_MOVE = YES;
				CLANG_WARN_UNGUARDED_AVAILABILITY = YES_AGGRESSIVE;
				CLANG_WARN_UNREACHABLE_CODE = YES;
				CLANG_WARN__DUPLICATE_METHOD_MATCH = YES;
				COPY_PHASE_STRIP = NO;
				DEBUG_INFORMATION_FORMAT = dwarf;
				ENABLE_STRICT_OBJC_MSGSEND = YES;
				ENABLE_TESTABILITY = YES;
				ENABLE_USER_SCRIPT_SANDBOXING = YES;
				GCC_C_LANGUAGE_STANDARD = gnu17;
				GCC_DYNAMIC_NO_PIC = NO;
				GCC_NO_COMMON_BLOCKS = YES;
				GCC_OPTIMIZATION_LEVEL = 0;
				GCC_PREPROCESSOR_DEFINITIONS = (
					"DEBUG=1",
					"$(inherited)",
				);
				GCC_WARN_64_TO_32_BIT_CONVERSION = YES;
				GCC_WARN_ABOUT_RETURN_TYPE = YES_ERROR;
				GCC_WARN_UNDECLARED_SELECTOR = YES;
				GCC_WARN_UNINITIALIZED_AUTOS = YES_AGGRESSIVE;
				GCC_WARN_UNUSED_FUNCTION = YES;
				GCC_WARN_UNUSED_VARIABLE = YES;
				IPHONEOS_DEPLOYMENT_TARGET = 15.0;
				LOCALIZATION_PREFERS_STRING_CATALOGS = YES;
				MTL_ENABLE_DEBUG_INFO = INCLUDE_SOURCE;
				MTL_FAST_MATH = YES;
				ONLY_ACTIVE_ARCH = YES;
				SDKROOT = iphoneos;
				SWIFT_ACTIVE_COMPILATION_CONDITIONS = "DEBUG $(inherited)";
				SWIFT_OPTIMIZATION_LEVEL = "-Onone";
			};
			name = Debug;
		};
		0AB607322C749BD3001916AE /* Release */ = {
			isa = XCBuildConfiguration;
			buildSettings = {
				ALWAYS_SEARCH_USER_PATHS = NO;
				ASSETCATALOG_COMPILER_GENERATE_SWIFT_ASSET_SYMBOL_EXTENSIONS = YES;
				CLANG_ANALYZER_NONNULL = YES;
				CLANG_ANALYZER_NUMBER_OBJECT_CONVERSION = YES_AGGRESSIVE;
				CLANG_CXX_LANGUAGE_STANDARD = "gnu++20";
				CLANG_ENABLE_MODULES = YES;
				CLANG_ENABLE_OBJC_ARC = YES;
				CLANG_ENABLE_OBJC_WEAK = YES;
				CLANG_WARN_BLOCK_CAPTURE_AUTORELEASING = YES;
				CLANG_WARN_BOOL_CONVERSION = YES;
				CLANG_WARN_COMMA = YES;
				CLANG_WARN_CONSTANT_CONVERSION = YES;
				CLANG_WARN_DEPRECATED_OBJC_IMPLEMENTATIONS = YES;
				CLANG_WARN_DIRECT_OBJC_ISA_USAGE = YES_ERROR;
				CLANG_WARN_DOCUMENTATION_COMMENTS = YES;
				CLANG_WARN_EMPTY_BODY = YES;
				CLANG_WARN_ENUM_CONVERSION = YES;
				CLANG_WARN_INFINITE_RECURSION = YES;
				CLANG_WARN_INT_CONVERSION = YES;
				CLANG_WARN_NON_LITERAL_NULL_CONVERSION = YES;
				CLANG_WARN_OBJC_IMPLICIT_RETAIN_SELF = YES;
				CLANG_WARN_OBJC_LITERAL_CONVERSION = YES;
				CLANG_WARN_OBJC_ROOT_CLASS = YES_ERROR;
				CLANG_WARN_QUOTED_INCLUDE_IN_FRAMEWORK_HEADER = YES;
				CLANG_WARN_RANGE_LOOP_ANALYSIS = YES;
				CLANG_WARN_STRICT_PROTOTYPES = YES;
				CLANG_WARN_SUSPICIOUS_MOVE = YES;
				CLANG_WARN_UNGUARDED_AVAILABILITY = YES_AGGRESSIVE;
				CLANG_WARN_UNREACHABLE_CODE = YES;
				CLANG_WARN__DUPLICATE_METHOD_MATCH = YES;
				COPY_PHASE_STRIP = NO;
				DEBUG_INFORMATION_FORMAT = "dwarf-with-dsym";
				ENABLE_NS_ASSERTIONS = NO;
				ENABLE_STRICT_OBJC_MSGSEND = YES;
				ENABLE_USER_SCRIPT_SANDBOXING = YES;
				GCC_C_LANGUAGE_STANDARD = gnu17;
				GCC_NO_COMMON_BLOCKS = YES;
				GCC_WARN_64_TO_32_BIT_CONVERSION = YES;
				GCC_WARN_ABOUT_RETURN_TYPE = YES_ERROR;
				GCC_WARN_UNDECLARED_SELECTOR = YES;
				GCC_WARN_UNINITIALIZED_AUTOS = YES_AGGRESSIVE;
				GCC_WARN_UNUSED_FUNCTION = YES;
				GCC_WARN_UNUSED_VARIABLE = YES;
				IPHONEOS_DEPLOYMENT_TARGET = 15.0;
				LOCALIZATION_PREFERS_STRING_CATALOGS = YES;
				MTL_ENABLE_DEBUG_INFO = NO;
				MTL_FAST_MATH = YES;
				SDKROOT = iphoneos;
				SWIFT_COMPILATION_MODE = wholemodule;
				VALIDATE_PRODUCT = YES;
			};
			name = Release;
		};
		0AB607342C749BD3001916AE /* Debug */ = {
			isa = XCBuildConfiguration;
			buildSettings = {
				ASSETCATALOG_COMPILER_APPICON_NAME = AppIcon;
				ASSETCATALOG_COMPILER_GLOBAL_ACCENT_COLOR_NAME = AccentColor;
				CODE_SIGN_STYLE = Automatic;
				CURRENT_PROJECT_VERSION = 1;
				GENERATE_INFOPLIST_FILE = YES;
				INFOPLIST_FILE = SendMoneyApp/Info.plist;
				INFOPLIST_KEY_UIApplicationSupportsIndirectInputEvents = YES;
				INFOPLIST_KEY_UILaunchStoryboardName = LaunchScreen;
				INFOPLIST_KEY_UISupportedInterfaceOrientations = UIInterfaceOrientationPortrait;
				INFOPLIST_KEY_UISupportedInterfaceOrientations_iPad = "UIInterfaceOrientationLandscapeRight UIInterfaceOrientationPortrait";
				IPHONEOS_DEPLOYMENT_TARGET = 15.0;
				LD_RUNPATH_SEARCH_PATHS = (
					"$(inherited)",
					"@executable_path/Frameworks",
				);
				MARKETING_VERSION = 1.0;
				PRODUCT_BUNDLE_IDENTIFIER = home.SendMoneyApp;
				PRODUCT_NAME = "$(TARGET_NAME)";
				SWIFT_EMIT_LOC_STRINGS = YES;
				SWIFT_VERSION = 5.0;
				TARGETED_DEVICE_FAMILY = "1,2";
			};
			name = Debug;
		};
		0AB607352C749BD3001916AE /* Release */ = {
			isa = XCBuildConfiguration;
			buildSettings = {
				ASSETCATALOG_COMPILER_APPICON_NAME = AppIcon;
				ASSETCATALOG_COMPILER_GLOBAL_ACCENT_COLOR_NAME = AccentColor;
				CODE_SIGN_STYLE = Automatic;
				CURRENT_PROJECT_VERSION = 1;
				GENERATE_INFOPLIST_FILE = YES;
				INFOPLIST_FILE = SendMoneyApp/Info.plist;
				INFOPLIST_KEY_UIApplicationSupportsIndirectInputEvents = YES;
				INFOPLIST_KEY_UILaunchStoryboardName = LaunchScreen;
				INFOPLIST_KEY_UISupportedInterfaceOrientations = UIInterfaceOrientationPortrait;
				INFOPLIST_KEY_UISupportedInterfaceOrientations_iPad = "UIInterfaceOrientationLandscapeRight UIInterfaceOrientationPortrait";
				IPHONEOS_DEPLOYMENT_TARGET = 15.0;
				LD_RUNPATH_SEARCH_PATHS = (
					"$(inherited)",
					"@executable_path/Frameworks",
				);
				MARKETING_VERSION = 1.0;
				PRODUCT_BUNDLE_IDENTIFIER = home.SendMoneyApp;
				PRODUCT_NAME = "$(TARGET_NAME)";
				SWIFT_EMIT_LOC_STRINGS = YES;
				SWIFT_VERSION = 5.0;
				TARGETED_DEVICE_FAMILY = "1,2";
			};
			name = Release;
		};
		0AB607372C749BD3001916AE /* Debug */ = {
			isa = XCBuildConfiguration;
			buildSettings = {
				ALWAYS_EMBED_SWIFT_STANDARD_LIBRARIES = YES;
				BUNDLE_LOADER = "$(TEST_HOST)";
				CODE_SIGN_STYLE = Automatic;
				CURRENT_PROJECT_VERSION = 1;
				GENERATE_INFOPLIST_FILE = YES;
				IPHONEOS_DEPLOYMENT_TARGET = 17.2;
				MARKETING_VERSION = 1.0;
				PRODUCT_BUNDLE_IDENTIFIER = home.SendMoneyAppTests;
				PRODUCT_NAME = "$(TARGET_NAME)";
				SWIFT_EMIT_LOC_STRINGS = NO;
				SWIFT_VERSION = 5.0;
				TARGETED_DEVICE_FAMILY = "1,2";
				TEST_HOST = "$(BUILT_PRODUCTS_DIR)/SendMoneyApp.app/$(BUNDLE_EXECUTABLE_FOLDER_PATH)/SendMoneyApp";
			};
			name = Debug;
		};
		0AB607382C749BD3001916AE /* Release */ = {
			isa = XCBuildConfiguration;
			buildSettings = {
				ALWAYS_EMBED_SWIFT_STANDARD_LIBRARIES = YES;
				BUNDLE_LOADER = "$(TEST_HOST)";
				CODE_SIGN_STYLE = Automatic;
				CURRENT_PROJECT_VERSION = 1;
				GENERATE_INFOPLIST_FILE = YES;
				IPHONEOS_DEPLOYMENT_TARGET = 17.2;
				MARKETING_VERSION = 1.0;
				PRODUCT_BUNDLE_IDENTIFIER = home.SendMoneyAppTests;
				PRODUCT_NAME = "$(TARGET_NAME)";
				SWIFT_EMIT_LOC_STRINGS = NO;
				SWIFT_VERSION = 5.0;
				TARGETED_DEVICE_FAMILY = "1,2";
				TEST_HOST = "$(BUILT_PRODUCTS_DIR)/SendMoneyApp.app/$(BUNDLE_EXECUTABLE_FOLDER_PATH)/SendMoneyApp";
			};
			name = Release;
		};
		0AB6073A2C749BD3001916AE /* Debug */ = {
			isa = XCBuildConfiguration;
			buildSettings = {
				ALWAYS_EMBED_SWIFT_STANDARD_LIBRARIES = YES;
				CODE_SIGN_STYLE = Automatic;
				CURRENT_PROJECT_VERSION = 1;
				GENERATE_INFOPLIST_FILE = YES;
				MARKETING_VERSION = 1.0;
				PRODUCT_BUNDLE_IDENTIFIER = home.SendMoneyAppUITests;
				PRODUCT_NAME = "$(TARGET_NAME)";
				SWIFT_EMIT_LOC_STRINGS = NO;
				SWIFT_VERSION = 5.0;
				TARGETED_DEVICE_FAMILY = "1,2";
				TEST_TARGET_NAME = SendMoneyApp;
			};
			name = Debug;
		};
		0AB6073B2C749BD3001916AE /* Release */ = {
			isa = XCBuildConfiguration;
			buildSettings = {
				ALWAYS_EMBED_SWIFT_STANDARD_LIBRARIES = YES;
				CODE_SIGN_STYLE = Automatic;
				CURRENT_PROJECT_VERSION = 1;
				GENERATE_INFOPLIST_FILE = YES;
				MARKETING_VERSION = 1.0;
				PRODUCT_BUNDLE_IDENTIFIER = home.SendMoneyAppUITests;
				PRODUCT_NAME = "$(TARGET_NAME)";
				SWIFT_EMIT_LOC_STRINGS = NO;
				SWIFT_VERSION = 5.0;
				TARGETED_DEVICE_FAMILY = "1,2";
				TEST_TARGET_NAME = SendMoneyApp;
			};
			name = Release;
		};
/* End XCBuildConfiguration section */

/* Begin XCConfigurationList section */
		0AB607042C749BCE001916AE /* Build configuration list for PBXProject "SendMoneyApp" */ = {
			isa = XCConfigurationList;
			buildConfigurations = (
				0AB607312C749BD3001916AE /* Debug */,
				0AB607322C749BD3001916AE /* Release */,
			);
			defaultConfigurationIsVisible = 0;
			defaultConfigurationName = Release;
		};
		0AB607332C749BD3001916AE /* Build configuration list for PBXNativeTarget "SendMoneyApp" */ = {
			isa = XCConfigurationList;
			buildConfigurations = (
				0AB607342C749BD3001916AE /* Debug */,
				0AB607352C749BD3001916AE /* Release */,
			);
			defaultConfigurationIsVisible = 0;
			defaultConfigurationName = Release;
		};
		0AB607362C749BD3001916AE /* Build configuration list for PBXNativeTarget "SendMoneyAppTests" */ = {
			isa = XCConfigurationList;
			buildConfigurations = (
				0AB607372C749BD3001916AE /* Debug */,
				0AB607382C749BD3001916AE /* Release */,
			);
			defaultConfigurationIsVisible = 0;
			defaultConfigurationName = Release;
		};
		0AB607392C749BD3001916AE /* Build configuration list for PBXNativeTarget "SendMoneyAppUITests" */ = {
			isa = XCConfigurationList;
			buildConfigurations = (
				0AB6073A2C749BD3001916AE /* Debug */,
				0AB6073B2C749BD3001916AE /* Release */,
			);
			defaultConfigurationIsVisible = 0;
			defaultConfigurationName = Release;
		};
/* End XCConfigurationList section */
	};
	rootObject = 0AB607012C749BCE001916AE /* Project object */;
}
